// !$*UTF8*$!
{
	archiveVersion = 1;
	classes = {
	};
	objectVersion = 51;
	objects = {

/* Begin PBXBuildFile section */
		18215AB22648934A003FF9BB /* CreateReviewController.swift in Sources */ = {isa = PBXBuildFile; fileRef = 18215AB12648934A003FF9BB /* CreateReviewController.swift */; };
		187CB0AE2643450E000C5EF2 /* AppDelegate.swift in Sources */ = {isa = PBXBuildFile; fileRef = 187CB0AD2643450E000C5EF2 /* AppDelegate.swift */; };
		187CB0B02643450E000C5EF2 /* SceneDelegate.swift in Sources */ = {isa = PBXBuildFile; fileRef = 187CB0AF2643450E000C5EF2 /* SceneDelegate.swift */; };
		187CB0B22643450E000C5EF2 /* ViewController.swift in Sources */ = {isa = PBXBuildFile; fileRef = 187CB0B12643450E000C5EF2 /* ViewController.swift */; };
		187CB0B72643450F000C5EF2 /* Assets.xcassets in Resources */ = {isa = PBXBuildFile; fileRef = 187CB0B62643450F000C5EF2 /* Assets.xcassets */; };
		187CB0BA2643450F000C5EF2 /* LaunchScreen.storyboard in Resources */ = {isa = PBXBuildFile; fileRef = 187CB0B82643450F000C5EF2 /* LaunchScreen.storyboard */; };
		187CB0C226434581000C5EF2 /* Course.swift in Sources */ = {isa = PBXBuildFile; fileRef = 187CB0C126434581000C5EF2 /* Course.swift */; };
		187CB0C62643A2F1000C5EF2 /* CoursesCollectionViewCell.swift in Sources */ = {isa = PBXBuildFile; fileRef = 187CB0C52643A2F1000C5EF2 /* CoursesCollectionViewCell.swift */; };
		187CB0CA2643AD8B000C5EF2 /* HeaderView.swift in Sources */ = {isa = PBXBuildFile; fileRef = 187CB0C92643AD8B000C5EF2 /* HeaderView.swift */; };
		1886E327264B083D0053EB6C /* AllReviewsController.swift in Sources */ = {isa = PBXBuildFile; fileRef = 1886E326264B083D0053EB6C /* AllReviewsController.swift */; };
		1886E329264B36EA0053EB6C /* ReviewCollectionViewCell.swift in Sources */ = {isa = PBXBuildFile; fileRef = 1886E328264B36EA0053EB6C /* ReviewCollectionViewCell.swift */; };
		189AE406264C526A00A7C4CE /* TitleViewController.swift in Sources */ = {isa = PBXBuildFile; fileRef = 189AE405264C526A00A7C4CE /* TitleViewController.swift */; };
		189AE408264C63F700A7C4CE /* NetworkManager.swift in Sources */ = {isa = PBXBuildFile; fileRef = 189AE407264C63F700A7C4CE /* NetworkManager.swift */; };
		7F739CCD2644C76300AB6720 /* CoreRatings.swift in Sources */ = {isa = PBXBuildFile; fileRef = 7F739CCC2644C76300AB6720 /* CoreRatings.swift */; };
		7F739CCF2644C81900AB6720 /* Review.swift in Sources */ = {isa = PBXBuildFile; fileRef = 7F739CCE2644C81900AB6720 /* Review.swift */; };
		7F739CD12644C83200AB6720 /* ReviewController.swift in Sources */ = {isa = PBXBuildFile; fileRef = 7F739CD02644C83200AB6720 /* ReviewController.swift */; };
		7F739CD3264C1A2E00AB6720 /* SearchController.swift in Sources */ = {isa = PBXBuildFile; fileRef = 7F739CD2264C1A2E00AB6720 /* SearchController.swift */; };
		D0700572AC4B7314860B3297 /* Pods_CU_Course_Reviews.framework in Frameworks */ = {isa = PBXBuildFile; fileRef = 3427D9D3D96747B50656092C /* Pods_CU_Course_Reviews.framework */; };
/* End PBXBuildFile section */

/* Begin PBXFileReference section */
		18215AB12648934A003FF9BB /* CreateReviewController.swift */ = {isa = PBXFileReference; lastKnownFileType = sourcecode.swift; path = CreateReviewController.swift; sourceTree = "<group>"; };
		187CB0AA2643450E000C5EF2 /* CU Course Reviews.app */ = {isa = PBXFileReference; explicitFileType = wrapper.application; includeInIndex = 0; path = "CU Course Reviews.app"; sourceTree = BUILT_PRODUCTS_DIR; };
		187CB0AD2643450E000C5EF2 /* AppDelegate.swift */ = {isa = PBXFileReference; lastKnownFileType = sourcecode.swift; path = AppDelegate.swift; sourceTree = "<group>"; };
		187CB0AF2643450E000C5EF2 /* SceneDelegate.swift */ = {isa = PBXFileReference; lastKnownFileType = sourcecode.swift; path = SceneDelegate.swift; sourceTree = "<group>"; };
		187CB0B12643450E000C5EF2 /* ViewController.swift */ = {isa = PBXFileReference; lastKnownFileType = sourcecode.swift; path = ViewController.swift; sourceTree = "<group>"; };
		187CB0B62643450F000C5EF2 /* Assets.xcassets */ = {isa = PBXFileReference; lastKnownFileType = folder.assetcatalog; path = Assets.xcassets; sourceTree = "<group>"; };
		187CB0B92643450F000C5EF2 /* Base */ = {isa = PBXFileReference; lastKnownFileType = file.storyboard; name = Base; path = Base.lproj/LaunchScreen.storyboard; sourceTree = "<group>"; };
		187CB0BB2643450F000C5EF2 /* Info.plist */ = {isa = PBXFileReference; lastKnownFileType = text.plist.xml; path = Info.plist; sourceTree = "<group>"; };
		187CB0C126434581000C5EF2 /* Course.swift */ = {isa = PBXFileReference; lastKnownFileType = sourcecode.swift; path = Course.swift; sourceTree = "<group>"; };
		187CB0C52643A2F1000C5EF2 /* CoursesCollectionViewCell.swift */ = {isa = PBXFileReference; lastKnownFileType = sourcecode.swift; path = CoursesCollectionViewCell.swift; sourceTree = "<group>"; };
		187CB0C92643AD8B000C5EF2 /* HeaderView.swift */ = {isa = PBXFileReference; lastKnownFileType = sourcecode.swift; path = HeaderView.swift; sourceTree = "<group>"; };
		1886E326264B083D0053EB6C /* AllReviewsController.swift */ = {isa = PBXFileReference; lastKnownFileType = sourcecode.swift; path = AllReviewsController.swift; sourceTree = "<group>"; };
		1886E328264B36EA0053EB6C /* ReviewCollectionViewCell.swift */ = {isa = PBXFileReference; lastKnownFileType = sourcecode.swift; path = ReviewCollectionViewCell.swift; sourceTree = "<group>"; };
		189AE405264C526A00A7C4CE /* TitleViewController.swift */ = {isa = PBXFileReference; lastKnownFileType = sourcecode.swift; path = TitleViewController.swift; sourceTree = "<group>"; };
		189AE407264C63F700A7C4CE /* NetworkManager.swift */ = {isa = PBXFileReference; lastKnownFileType = sourcecode.swift; path = NetworkManager.swift; sourceTree = "<group>"; };
		3427D9D3D96747B50656092C /* Pods_CU_Course_Reviews.framework */ = {isa = PBXFileReference; explicitFileType = wrapper.framework; includeInIndex = 0; path = Pods_CU_Course_Reviews.framework; sourceTree = BUILT_PRODUCTS_DIR; };
		495A4614EA19FF2F5825A024 /* Pods-CU Course Reviews.release.xcconfig */ = {isa = PBXFileReference; includeInIndex = 1; lastKnownFileType = text.xcconfig; name = "Pods-CU Course Reviews.release.xcconfig"; path = "Target Support Files/Pods-CU Course Reviews/Pods-CU Course Reviews.release.xcconfig"; sourceTree = "<group>"; };
		653C2C1BB5AB497EA7E6A351 /* Pods-CU Course Reviews.debug.xcconfig */ = {isa = PBXFileReference; includeInIndex = 1; lastKnownFileType = text.xcconfig; name = "Pods-CU Course Reviews.debug.xcconfig"; path = "Target Support Files/Pods-CU Course Reviews/Pods-CU Course Reviews.debug.xcconfig"; sourceTree = "<group>"; };
		7F739CCC2644C76300AB6720 /* CoreRatings.swift */ = {isa = PBXFileReference; lastKnownFileType = sourcecode.swift; path = CoreRatings.swift; sourceTree = "<group>"; };
		7F739CCE2644C81900AB6720 /* Review.swift */ = {isa = PBXFileReference; lastKnownFileType = sourcecode.swift; path = Review.swift; sourceTree = "<group>"; };
		7F739CD02644C83200AB6720 /* ReviewController.swift */ = {isa = PBXFileReference; lastKnownFileType = sourcecode.swift; path = ReviewController.swift; sourceTree = "<group>"; };
		7F739CD2264C1A2E00AB6720 /* SearchController.swift */ = {isa = PBXFileReference; lastKnownFileType = sourcecode.swift; path = SearchController.swift; sourceTree = "<group>"; };
/* End PBXFileReference section */

/* Begin PBXFrameworksBuildPhase section */
		187CB0A72643450E000C5EF2 /* Frameworks */ = {
			isa = PBXFrameworksBuildPhase;
			buildActionMask = 2147483647;
			files = (
				D0700572AC4B7314860B3297 /* Pods_CU_Course_Reviews.framework in Frameworks */,
			);
			runOnlyForDeploymentPostprocessing = 0;
		};
/* End PBXFrameworksBuildPhase section */

/* Begin PBXGroup section */
		187CB0A12643450E000C5EF2 = {
			isa = PBXGroup;
			children = (
				187CB0AC2643450E000C5EF2 /* CU Course Reviews */,
				187CB0AB2643450E000C5EF2 /* Products */,
				395A03E6E6ECF6E1ADEB7F94 /* Pods */,
				85E87D821DB10C3208684B1A /* Frameworks */,
			);
			sourceTree = "<group>";
		};
		187CB0AB2643450E000C5EF2 /* Products */ = {
			isa = PBXGroup;
			children = (
				187CB0AA2643450E000C5EF2 /* CU Course Reviews.app */,
			);
			name = Products;
			sourceTree = "<group>";
		};
		187CB0AC2643450E000C5EF2 /* CU Course Reviews */ = {
			isa = PBXGroup;
			children = (
				189AE405264C526A00A7C4CE /* TitleViewController.swift */,
				187CB0AD2643450E000C5EF2 /* AppDelegate.swift */,
				187CB0AF2643450E000C5EF2 /* SceneDelegate.swift */,
				187CB0B12643450E000C5EF2 /* ViewController.swift */,
				189AE407264C63F700A7C4CE /* NetworkManager.swift */,
				7F739CD2264C1A2E00AB6720 /* SearchController.swift */,
				1886E328264B36EA0053EB6C /* ReviewCollectionViewCell.swift */,
				1886E326264B083D0053EB6C /* AllReviewsController.swift */,
				7F739CCC2644C76300AB6720 /* CoreRatings.swift */,
				7F739CCE2644C81900AB6720 /* Review.swift */,
				7F739CD02644C83200AB6720 /* ReviewController.swift */,
				18215AB12648934A003FF9BB /* CreateReviewController.swift */,
				187CB0C92643AD8B000C5EF2 /* HeaderView.swift */,
				187CB0C126434581000C5EF2 /* Course.swift */,
				187CB0C52643A2F1000C5EF2 /* CoursesCollectionViewCell.swift */,
				187CB0B62643450F000C5EF2 /* Assets.xcassets */,
				187CB0B82643450F000C5EF2 /* LaunchScreen.storyboard */,
				187CB0BB2643450F000C5EF2 /* Info.plist */,
			);
			path = "CU Course Reviews";
			sourceTree = "<group>";
		};
		395A03E6E6ECF6E1ADEB7F94 /* Pods */ = {
			isa = PBXGroup;
			children = (
				653C2C1BB5AB497EA7E6A351 /* Pods-CU Course Reviews.debug.xcconfig */,
				495A4614EA19FF2F5825A024 /* Pods-CU Course Reviews.release.xcconfig */,
			);
			path = Pods;
			sourceTree = "<group>";
		};
		85E87D821DB10C3208684B1A /* Frameworks */ = {
			isa = PBXGroup;
			children = (
				3427D9D3D96747B50656092C /* Pods_CU_Course_Reviews.framework */,
			);
			name = Frameworks;
			sourceTree = "<group>";
		};
/* End PBXGroup section */

/* Begin PBXNativeTarget section */
		187CB0A92643450E000C5EF2 /* CU Course Reviews */ = {
			isa = PBXNativeTarget;
			buildConfigurationList = 187CB0BE2643450F000C5EF2 /* Build configuration list for PBXNativeTarget "CU Course Reviews" */;
			buildPhases = (
				8FCB729FDB85CA604D6E9479 /* [CP] Check Pods Manifest.lock */,
				187CB0A62643450E000C5EF2 /* Sources */,
				187CB0A72643450E000C5EF2 /* Frameworks */,
				187CB0A82643450E000C5EF2 /* Resources */,
				3DD4EAC12B50FBF494329627 /* [CP] Embed Pods Frameworks */,
			);
			buildRules = (
			);
			dependencies = (
			);
			name = "CU Course Reviews";
			productName = "CU Course Reviews";
			productReference = 187CB0AA2643450E000C5EF2 /* CU Course Reviews.app */;
			productType = "com.apple.product-type.application";
		};
/* End PBXNativeTarget section */

/* Begin PBXProject section */
		187CB0A22643450E000C5EF2 /* Project object */ = {
			isa = PBXProject;
			attributes = {
				LastSwiftUpdateCheck = 1250;
				LastUpgradeCheck = 1250;
				TargetAttributes = {
					187CB0A92643450E000C5EF2 = {
						CreatedOnToolsVersion = 12.5;
					};
				};
			};
			buildConfigurationList = 187CB0A52643450E000C5EF2 /* Build configuration list for PBXProject "CU Course Reviews" */;
			compatibilityVersion = "Xcode 9.3";
			developmentRegion = en;
			hasScannedForEncodings = 0;
			knownRegions = (
				en,
				Base,
			);
			mainGroup = 187CB0A12643450E000C5EF2;
			productRefGroup = 187CB0AB2643450E000C5EF2 /* Products */;
			projectDirPath = "";
			projectRoot = "";
			targets = (
				187CB0A92643450E000C5EF2 /* CU Course Reviews */,
			);
		};
/* End PBXProject section */

/* Begin PBXResourcesBuildPhase section */
		187CB0A82643450E000C5EF2 /* Resources */ = {
			isa = PBXResourcesBuildPhase;
			buildActionMask = 2147483647;
			files = (
				187CB0BA2643450F000C5EF2 /* LaunchScreen.storyboard in Resources */,
				187CB0B72643450F000C5EF2 /* Assets.xcassets in Resources */,
			);
			runOnlyForDeploymentPostprocessing = 0;
		};
/* End PBXResourcesBuildPhase section */

/* Begin PBXShellScriptBuildPhase section */
		3DD4EAC12B50FBF494329627 /* [CP] Embed Pods Frameworks */ = {
			isa = PBXShellScriptBuildPhase;
			buildActionMask = 2147483647;
			files = (
			);
			inputFileListPaths = (
				"${PODS_ROOT}/Target Support Files/Pods-CU Course Reviews/Pods-CU Course Reviews-frameworks-${CONFIGURATION}-input-files.xcfilelist",
			);
			name = "[CP] Embed Pods Frameworks";
			outputFileListPaths = (
				"${PODS_ROOT}/Target Support Files/Pods-CU Course Reviews/Pods-CU Course Reviews-frameworks-${CONFIGURATION}-output-files.xcfilelist",
			);
			runOnlyForDeploymentPostprocessing = 0;
			shellPath = /bin/sh;
			shellScript = "\"${PODS_ROOT}/Target Support Files/Pods-CU Course Reviews/Pods-CU Course Reviews-frameworks.sh\"\n";
			showEnvVarsInLog = 0;
		};
		8FCB729FDB85CA604D6E9479 /* [CP] Check Pods Manifest.lock */ = {
			isa = PBXShellScriptBuildPhase;
			buildActionMask = 2147483647;
			files = (
			);
			inputFileListPaths = (
			);
			inputPaths = (
				"${PODS_PODFILE_DIR_PATH}/Podfile.lock",
				"${PODS_ROOT}/Manifest.lock",
			);
			name = "[CP] Check Pods Manifest.lock";
			outputFileListPaths = (
			);
			outputPaths = (
				"$(DERIVED_FILE_DIR)/Pods-CU Course Reviews-checkManifestLockResult.txt",
			);
			runOnlyForDeploymentPostprocessing = 0;
			shellPath = /bin/sh;
			shellScript = "diff \"${PODS_PODFILE_DIR_PATH}/Podfile.lock\" \"${PODS_ROOT}/Manifest.lock\" > /dev/null\nif [ $? != 0 ] ; then\n    # print error to STDERR\n    echo \"error: The sandbox is not in sync with the Podfile.lock. Run 'pod install' or update your CocoaPods installation.\" >&2\n    exit 1\nfi\n# This output is used by Xcode 'outputs' to avoid re-running this script phase.\necho \"SUCCESS\" > \"${SCRIPT_OUTPUT_FILE_0}\"\n";
			showEnvVarsInLog = 0;
		};
/* End PBXShellScriptBuildPhase section */

/* Begin PBXSourcesBuildPhase section */
		187CB0A62643450E000C5EF2 /* Sources */ = {
			isa = PBXSourcesBuildPhase;
			buildActionMask = 2147483647;
			files = (
				7F739CD12644C83200AB6720 /* ReviewController.swift in Sources */,
				1886E327264B083D0053EB6C /* AllReviewsController.swift in Sources */,
				187CB0C226434581000C5EF2 /* Course.swift in Sources */,
				189AE406264C526A00A7C4CE /* TitleViewController.swift in Sources */,
				7F739CCF2644C81900AB6720 /* Review.swift in Sources */,
				187CB0CA2643AD8B000C5EF2 /* HeaderView.swift in Sources */,
				187CB0C62643A2F1000C5EF2 /* CoursesCollectionViewCell.swift in Sources */,
				187CB0B22643450E000C5EF2 /* ViewController.swift in Sources */,
				187CB0AE2643450E000C5EF2 /* AppDelegate.swift in Sources */,
				7F739CD3264C1A2E00AB6720 /* SearchController.swift in Sources */,
				18215AB22648934A003FF9BB /* CreateReviewController.swift in Sources */,
				187CB0B02643450E000C5EF2 /* SceneDelegate.swift in Sources */,
				189AE408264C63F700A7C4CE /* NetworkManager.swift in Sources */,
				1886E329264B36EA0053EB6C /* ReviewCollectionViewCell.swift in Sources */,
				7F739CCD2644C76300AB6720 /* CoreRatings.swift in Sources */,
			);
			runOnlyForDeploymentPostprocessing = 0;
		};
/* End PBXSourcesBuildPhase section */

/* Begin PBXVariantGroup section */
		187CB0B82643450F000C5EF2 /* LaunchScreen.storyboard */ = {
			isa = PBXVariantGroup;
			children = (
				187CB0B92643450F000C5EF2 /* Base */,
			);
			name = LaunchScreen.storyboard;
			sourceTree = "<group>";
		};
/* End PBXVariantGroup section */

/* Begin XCBuildConfiguration section */
		187CB0BC2643450F000C5EF2 /* Debug */ = {
			isa = XCBuildConfiguration;
			buildSettings = {
				ALWAYS_SEARCH_USER_PATHS = NO;
				CLANG_ANALYZER_NONNULL = YES;
				CLANG_ANALYZER_NUMBER_OBJECT_CONVERSION = YES_AGGRESSIVE;
				CLANG_CXX_LANGUAGE_STANDARD = "gnu++14";
				CLANG_CXX_LIBRARY = "libc++";
				CLANG_ENABLE_MODULES = YES;
				CLANG_ENABLE_OBJC_ARC = YES;
				CLANG_ENABLE_OBJC_WEAK = YES;
				CLANG_WARN_BLOCK_CAPTURE_AUTORELEASING = YES;
				CLANG_WARN_BOOL_CONVERSION = YES;
				CLANG_WARN_COMMA = YES;
				CLANG_WARN_CONSTANT_CONVERSION = YES;
				CLANG_WARN_DEPRECATED_OBJC_IMPLEMENTATIONS = YES;
				CLANG_WARN_DIRECT_OBJC_ISA_USAGE = YES_ERROR;
				CLANG_WARN_DOCUMENTATION_COMMENTS = YES;
				CLANG_WARN_EMPTY_BODY = YES;
				CLANG_WARN_ENUM_CONVERSION = YES;
				CLANG_WARN_INFINITE_RECURSION = YES;
				CLANG_WARN_INT_CONVERSION = YES;
				CLANG_WARN_NON_LITERAL_NULL_CONVERSION = YES;
				CLANG_WARN_OBJC_IMPLICIT_RETAIN_SELF = YES;
				CLANG_WARN_OBJC_LITERAL_CONVERSION = YES;
				CLANG_WARN_OBJC_ROOT_CLASS = YES_ERROR;
				CLANG_WARN_QUOTED_INCLUDE_IN_FRAMEWORK_HEADER = YES;
				CLANG_WARN_RANGE_LOOP_ANALYSIS = YES;
				CLANG_WARN_STRICT_PROTOTYPES = YES;
				CLANG_WARN_SUSPICIOUS_MOVE = YES;
				CLANG_WARN_UNGUARDED_AVAILABILITY = YES_AGGRESSIVE;
				CLANG_WARN_UNREACHABLE_CODE = YES;
				CLANG_WARN__DUPLICATE_METHOD_MATCH = YES;
				COPY_PHASE_STRIP = NO;
				DEBUG_INFORMATION_FORMAT = dwarf;
				ENABLE_STRICT_OBJC_MSGSEND = YES;
				ENABLE_TESTABILITY = YES;
				GCC_C_LANGUAGE_STANDARD = gnu11;
				GCC_DYNAMIC_NO_PIC = NO;
				GCC_NO_COMMON_BLOCKS = YES;
				GCC_OPTIMIZATION_LEVEL = 0;
				GCC_PREPROCESSOR_DEFINITIONS = (
					"DEBUG=1",
					"$(inherited)",
				);
				GCC_WARN_64_TO_32_BIT_CONVERSION = YES;
				GCC_WARN_ABOUT_RETURN_TYPE = YES_ERROR;
				GCC_WARN_UNDECLARED_SELECTOR = YES;
				GCC_WARN_UNINITIALIZED_AUTOS = YES_AGGRESSIVE;
				GCC_WARN_UNUSED_FUNCTION = YES;
				GCC_WARN_UNUSED_VARIABLE = YES;
				IPHONEOS_DEPLOYMENT_TARGET = 14.5;
				MTL_ENABLE_DEBUG_INFO = INCLUDE_SOURCE;
				MTL_FAST_MATH = YES;
				ONLY_ACTIVE_ARCH = YES;
				SDKROOT = iphoneos;
				SWIFT_ACTIVE_COMPILATION_CONDITIONS = DEBUG;
				SWIFT_OPTIMIZATION_LEVEL = "-Onone";
			};
			name = Debug;
		};
		187CB0BD2643450F000C5EF2 /* Release */ = {
			isa = XCBuildConfiguration;
			buildSettings = {
				ALWAYS_SEARCH_USER_PATHS = NO;
				CLANG_ANALYZER_NONNULL = YES;
				CLANG_ANALYZER_NUMBER_OBJECT_CONVERSION = YES_AGGRESSIVE;
				CLANG_CXX_LANGUAGE_STANDARD = "gnu++14";
				CLANG_CXX_LIBRARY = "libc++";
				CLANG_ENABLE_MODULES = YES;
				CLANG_ENABLE_OBJC_ARC = YES;
				CLANG_ENABLE_OBJC_WEAK = YES;
				CLANG_WARN_BLOCK_CAPTURE_AUTORELEASING = YES;
				CLANG_WARN_BOOL_CONVERSION = YES;
				CLANG_WARN_COMMA = YES;
				CLANG_WARN_CONSTANT_CONVERSION = YES;
				CLANG_WARN_DEPRECATED_OBJC_IMPLEMENTATIONS = YES;
				CLANG_WARN_DIRECT_OBJC_ISA_USAGE = YES_ERROR;
				CLANG_WARN_DOCUMENTATION_COMMENTS = YES;
				CLANG_WARN_EMPTY_BODY = YES;
				CLANG_WARN_ENUM_CONVERSION = YES;
				CLANG_WARN_INFINITE_RECURSION = YES;
				CLANG_WARN_INT_CONVERSION = YES;
				CLANG_WARN_NON_LITERAL_NULL_CONVERSION = YES;
				CLANG_WARN_OBJC_IMPLICIT_RETAIN_SELF = YES;
				CLANG_WARN_OBJC_LITERAL_CONVERSION = YES;
				CLANG_WARN_OBJC_ROOT_CLASS = YES_ERROR;
				CLANG_WARN_QUOTED_INCLUDE_IN_FRAMEWORK_HEADER = YES;
				CLANG_WARN_RANGE_LOOP_ANALYSIS = YES;
				CLANG_WARN_STRICT_PROTOTYPES = YES;
				CLANG_WARN_SUSPICIOUS_MOVE = YES;
				CLANG_WARN_UNGUARDED_AVAILABILITY = YES_AGGRESSIVE;
				CLANG_WARN_UNREACHABLE_CODE = YES;
				CLANG_WARN__DUPLICATE_METHOD_MATCH = YES;
				COPY_PHASE_STRIP = NO;
				DEBUG_INFORMATION_FORMAT = "dwarf-with-dsym";
				ENABLE_NS_ASSERTIONS = NO;
				ENABLE_STRICT_OBJC_MSGSEND = YES;
				GCC_C_LANGUAGE_STANDARD = gnu11;
				GCC_NO_COMMON_BLOCKS = YES;
				GCC_WARN_64_TO_32_BIT_CONVERSION = YES;
				GCC_WARN_ABOUT_RETURN_TYPE = YES_ERROR;
				GCC_WARN_UNDECLARED_SELECTOR = YES;
				GCC_WARN_UNINITIALIZED_AUTOS = YES_AGGRESSIVE;
				GCC_WARN_UNUSED_FUNCTION = YES;
				GCC_WARN_UNUSED_VARIABLE = YES;
				IPHONEOS_DEPLOYMENT_TARGET = 14.5;
				MTL_ENABLE_DEBUG_INFO = NO;
				MTL_FAST_MATH = YES;
				SDKROOT = iphoneos;
				SWIFT_COMPILATION_MODE = wholemodule;
				SWIFT_OPTIMIZATION_LEVEL = "-O";
				VALIDATE_PRODUCT = YES;
			};
			name = Release;
		};
		187CB0BF2643450F000C5EF2 /* Debug */ = {
			isa = XCBuildConfiguration;
			baseConfigurationReference = 653C2C1BB5AB497EA7E6A351 /* Pods-CU Course Reviews.debug.xcconfig */;
			buildSettings = {
				ASSETCATALOG_COMPILER_APPICON_NAME = AppIcon;
				ASSETCATALOG_COMPILER_GLOBAL_ACCENT_COLOR_NAME = AccentColor;
				CODE_SIGN_STYLE = Automatic;
				INFOPLIST_FILE = "CU Course Reviews/Info.plist";
				LD_RUNPATH_SEARCH_PATHS = (
					"$(inherited)",
					"@executable_path/Frameworks",
				);
				PRODUCT_BUNDLE_IDENTIFIER = "Cornell-AppDev.CU-Course-Reviews";
				PRODUCT_NAME = "$(TARGET_NAME)";
				SWIFT_VERSION = 5.0;
				TARGETED_DEVICE_FAMILY = "1,2";
			};
			name = Debug;
		};
		187CB0C02643450F000C5EF2 /* Release */ = {
			isa = XCBuildConfiguration;
			baseConfigurationReference = 495A4614EA19FF2F5825A024 /* Pods-CU Course Reviews.release.xcconfig */;
			buildSettings = {
				ASSETCATALOG_COMPILER_APPICON_NAME = AppIcon;
				ASSETCATALOG_COMPILER_GLOBAL_ACCENT_COLOR_NAME = AccentColor;
				CODE_SIGN_STYLE = Automatic;
				INFOPLIST_FILE = "CU Course Reviews/Info.plist";
				LD_RUNPATH_SEARCH_PATHS = (
					"$(inherited)",
					"@executable_path/Frameworks",
				);
				PRODUCT_BUNDLE_IDENTIFIER = "Cornell-AppDev.CU-Course-Reviews";
				PRODUCT_NAME = "$(TARGET_NAME)";
				SWIFT_VERSION = 5.0;
				TARGETED_DEVICE_FAMILY = "1,2";
			};
			name = Release;
		};
/* End XCBuildConfiguration section */

/* Begin XCConfigurationList section */
		187CB0A52643450E000C5EF2 /* Build configuration list for PBXProject "CU Course Reviews" */ = {
			isa = XCConfigurationList;
			buildConfigurations = (
				187CB0BC2643450F000C5EF2 /* Debug */,
				187CB0BD2643450F000C5EF2 /* Release */,
			);
			defaultConfigurationIsVisible = 0;
			defaultConfigurationName = Release;
		};
		187CB0BE2643450F000C5EF2 /* Build configuration list for PBXNativeTarget "CU Course Reviews" */ = {
			isa = XCConfigurationList;
			buildConfigurations = (
				187CB0BF2643450F000C5EF2 /* Debug */,
				187CB0C02643450F000C5EF2 /* Release */,
			);
			defaultConfigurationIsVisible = 0;
			defaultConfigurationName = Release;
		};
/* End XCConfigurationList section */
	};
	rootObject = 187CB0A22643450E000C5EF2 /* Project object */;
}
